{
  "name": "@fuwu-yuan/bgew",
  "version": "1.4.0",
  "lockfileVersion": 1,
  "requires": true,
  "dependencies": {
    "@babel/runtime": {
      "version": "7.14.6",
      "resolved": "https://registry.npmjs.org/@babel/runtime/-/runtime-7.14.6.tgz",
      "integrity": "sha512-/PCB2uJ7oM44tz8YhC4Z/6PeOKXp4K588f+5M3clr1M4zbqztlo0XEfJ2LEzj/FgwfgGcIdl8n7YYjTCI0BYwg==",
      "requires": {
        "regenerator-runtime": "^0.13.4"
      }
    },
    "axios": {
      "version": "0.21.1",
      "resolved": "https://registry.npmjs.org/axios/-/axios-0.21.1.tgz",
      "integrity": "sha512-dKQiRHxGD9PPRIUNIWvZhPTPpl1rf/OxTYKsqKUDjBwYylTvV7SjSHJb9ratfyzM6wCdLCOYLzs73qpg5c4iGA==",
      "requires": {
        "follow-redirects": "^1.10.0"
      }
    },
    "fast-unique-numbers": {
      "version": "6.0.3",
      "resolved": "https://registry.npmjs.org/fast-unique-numbers/-/fast-unique-numbers-6.0.3.tgz",
      "integrity": "sha512-IgGn0mk5XCIRkWsfpWxgfcuF1BsB7SFXmJqyQHaQ3T5eKPKxBT/3sGGWTdVDdNsw58tUpggpDJpT4tgUPG2XnA==",
      "requires": {
        "@babel/runtime": "^7.14.6",
        "tslib": "^2.3.0"
      },
      "dependencies": {
        "tslib": {
          "version": "2.3.0",
          "resolved": "https://registry.npmjs.org/tslib/-/tslib-2.3.0.tgz",
          "integrity": "sha512-N82ooyxVNm6h1riLCoyS9e3fuJ3AMG2zIZs2Gd1ATcSFjSA23Q0fzjjZeh0jbJvWVDZ0cJT8yaNNaaXHzueNjg=="
        }
      }
    },
    "follow-redirects": {
      "version": "1.14.1",
      "resolved": "https://registry.npmjs.org/follow-redirects/-/follow-redirects-1.14.1.tgz",
      "integrity": "sha512-HWqDgT7ZEkqRzBvc2s64vSZ/hfOceEol3ac/7tKwzuvEyWx3/4UegXh5oBOIotkGsObyk3xznnSRVADBgWSQVg=="
    },
    "regenerator-runtime": {
      "version": "0.13.7",
      "resolved": "https://registry.npmjs.org/regenerator-runtime/-/regenerator-runtime-0.13.7.tgz",
      "integrity": "sha512-a54FxoJDIr27pgf7IgeQGxmqUNYrcV338lf/6gH456HZ/PhX+5BcwHXG9ajESmwe6WRO0tAzRUrRmNONWgkrew=="
    },
    "rxjs": {
      "version": "7.1.0",
      "resolved": "https://registry.npmjs.org/rxjs/-/rxjs-7.1.0.tgz",
      "integrity": "sha512-gCFO5iHIbRPwznl6hAYuwNFld8W4S2shtSJIqG27ReWXo9IWrCyEICxUA+6vJHwSR/OakoenC4QsDxq50tzYmw==",
      "requires": {
        "tslib": "~2.1.0"
      }
    },
    "tslib": {
      "version": "2.1.0",
      "resolved": "https://registry.npmjs.org/tslib/-/tslib-2.1.0.tgz",
      "integrity": "sha512-hcVC3wYEziELGGmEEXue7D75zbwIIVUMWAVbHItGPx0ziyXxrOMQx4rQEVEV45Ut/1IotuEvwqPopzIOkDMf0A=="
    },
    "typescript": {
      "version": "4.3.2",
      "resolved": "https://registry.npmjs.org/typescript/-/typescript-4.3.2.tgz",
      "integrity": "sha512-zZ4hShnmnoVnAHpVHWpTcxdv7dWP60S2FsydQLV8V5PbS3FifjWFFRiHSWpDJahly88PRyV5teTSLoq4eG7mKw==",
      "dev": true
    },
    "worker-timers": {
      "version": "7.0.33",
      "resolved": "https://registry.npmjs.org/worker-timers/-/worker-timers-7.0.33.tgz",
      "integrity": "sha512-n7S/8IqC9a9x3q/mTlaa+J7Sggv4yu/iVIUqtj9lO15fANTAX07818iRE8DxaU8CnV2Uy2dSyWtoAjnAJRE5HQ==",
      "requires": {
        "@babel/runtime": "^7.14.6",
        "tslib": "^2.3.0",
        "worker-timers-broker": "^6.0.54",
        "worker-timers-worker": "^7.0.23"
      },
      "dependencies": {
        "tslib": {
          "version": "2.3.0",
          "resolved": "https://registry.npmjs.org/tslib/-/tslib-2.3.0.tgz",
          "integrity": "sha512-N82ooyxVNm6h1riLCoyS9e3fuJ3AMG2zIZs2Gd1ATcSFjSA23Q0fzjjZeh0jbJvWVDZ0cJT8yaNNaaXHzueNjg=="
        }
      }
    },
    "worker-timers-broker": {
      "version": "6.0.54",
      "resolved": "https://registry.npmjs.org/worker-timers-broker/-/worker-timers-broker-6.0.54.tgz",
      "integrity": "sha512-WwotKl596t/gB/ZKju7WVhmKBGwWEI8xa0NCy2wxDFIlYuZ60JPB0Uf8w/oQvj53IarjbdflLKwPOhTzGrzdkA==",
      "requires": {
        "@babel/runtime": "^7.14.6",
        "fast-unique-numbers": "^6.0.3",
        "tslib": "^2.3.0",
        "worker-timers-worker": "^7.0.23"
      },
      "dependencies": {
        "tslib": {
          "version": "2.3.0",
          "resolved": "https://registry.npmjs.org/tslib/-/tslib-2.3.0.tgz",
          "integrity": "sha512-N82ooyxVNm6h1riLCoyS9e3fuJ3AMG2zIZs2Gd1ATcSFjSA23Q0fzjjZeh0jbJvWVDZ0cJT8yaNNaaXHzueNjg=="
        }
      }
    },
    "worker-timers-worker": {
      "version": "7.0.23",
      "resolved": "https://registry.npmjs.org/worker-timers-worker/-/worker-timers-worker-7.0.23.tgz",
      "integrity": "sha512-txSXbuBrCfnwf299hAIg3vItzoyUyY/imt+gWr6j5e05q4RhlNSko8v4mPPuz+14FaoBSLPw80wXK6mAIvsLDg==",
      "requires": {
        "@babel/runtime": "^7.14.6",
        "tslib": "^2.3.0"
      },
      "dependencies": {
        "tslib": {
          "version": "2.3.0",
          "resolved": "https://registry.npmjs.org/tslib/-/tslib-2.3.0.tgz",
          "integrity": "sha512-N82ooyxVNm6h1riLCoyS9e3fuJ3AMG2zIZs2Gd1ATcSFjSA23Q0fzjjZeh0jbJvWVDZ0cJT8yaNNaaXHzueNjg=="
        }
      }
    }
  }
}
